// !$*UTF8*$!
{
	archiveVersion = 1;
	classes = {
	};
	objectVersion = 50;
	objects = {

/* Begin PBXBuildFile section */
		6518288B2432B7240003BD36 /* TweetsViewController.swift in Sources */ = {isa = PBXBuildFile; fileRef = 6518288A2432B7240003BD36 /* TweetsViewController.swift */; };
		6532CFBB243AA25E00030B78 /* DataViewController.swift in Sources */ = {isa = PBXBuildFile; fileRef = 6532CFBA243AA25E00030B78 /* DataViewController.swift */; };
		659F7395243BC6DC006E2CDD /* NewsModel.swift in Sources */ = {isa = PBXBuildFile; fileRef = 659F7394243BC6DB006E2CDD /* NewsModel.swift */; };
		659F7397243BC6EE006E2CDD /* DataModel.swift in Sources */ = {isa = PBXBuildFile; fileRef = 659F7396243BC6EE006E2CDD /* DataModel.swift */; };
		659F739D243CFA4D006E2CDD /* WebViewController.swift in Sources */ = {isa = PBXBuildFile; fileRef = 659F739C243CFA4D006E2CDD /* WebViewController.swift */; };
		65A4B34624325886006B459D /* AppDelegate.swift in Sources */ = {isa = PBXBuildFile; fileRef = 65A4B34524325886006B459D /* AppDelegate.swift */; };
		65A4B34824325886006B459D /* SceneDelegate.swift in Sources */ = {isa = PBXBuildFile; fileRef = 65A4B34724325886006B459D /* SceneDelegate.swift */; };
		65A4B34A24325886006B459D /* NewsViewController.swift in Sources */ = {isa = PBXBuildFile; fileRef = 65A4B34924325886006B459D /* NewsViewController.swift */; };
		65A4B34F2432588A006B459D /* Assets.xcassets in Resources */ = {isa = PBXBuildFile; fileRef = 65A4B34E2432588A006B459D /* Assets.xcassets */; };
		65A4B3522432588A006B459D /* LaunchScreen.storyboard in Resources */ = {isa = PBXBuildFile; fileRef = 65A4B3502432588A006B459D /* LaunchScreen.storyboard */; };
		65E5C0D724394259002707A9 /* NewsCell.swift in Sources */ = {isa = PBXBuildFile; fileRef = 65E5C0D624394259002707A9 /* NewsCell.swift */; };
		65E5C0D924394502002707A9 /* Extension.swift in Sources */ = {isa = PBXBuildFile; fileRef = 65E5C0D824394502002707A9 /* Extension.swift */; };
		65E5C0DD24394ABF002707A9 /* Constant.swift in Sources */ = {isa = PBXBuildFile; fileRef = 65E5C0DC24394ABF002707A9 /* Constant.swift */; };
/* End PBXBuildFile section */

/* Begin PBXFileReference section */
		6518288A2432B7240003BD36 /* TweetsViewController.swift */ = {isa = PBXFileReference; lastKnownFileType = sourcecode.swift; path = TweetsViewController.swift; sourceTree = "<group>"; };
		6532CFBA243AA25E00030B78 /* DataViewController.swift */ = {isa = PBXFileReference; lastKnownFileType = sourcecode.swift; path = DataViewController.swift; sourceTree = "<group>"; };
		659F7394243BC6DB006E2CDD /* NewsModel.swift */ = {isa = PBXFileReference; fileEncoding = 4; lastKnownFileType = sourcecode.swift; path = NewsModel.swift; sourceTree = "<group>"; };
		659F7396243BC6EE006E2CDD /* DataModel.swift */ = {isa = PBXFileReference; lastKnownFileType = sourcecode.swift; path = DataModel.swift; sourceTree = "<group>"; };
		659F739C243CFA4D006E2CDD /* WebViewController.swift */ = {isa = PBXFileReference; lastKnownFileType = sourcecode.swift; path = WebViewController.swift; sourceTree = "<group>"; };
		65A4B34224325886006B459D /* covid19.app */ = {isa = PBXFileReference; explicitFileType = wrapper.application; includeInIndex = 0; path = covid19.app; sourceTree = BUILT_PRODUCTS_DIR; };
		65A4B34524325886006B459D /* AppDelegate.swift */ = {isa = PBXFileReference; lastKnownFileType = sourcecode.swift; path = AppDelegate.swift; sourceTree = "<group>"; };
		65A4B34724325886006B459D /* SceneDelegate.swift */ = {isa = PBXFileReference; lastKnownFileType = sourcecode.swift; path = SceneDelegate.swift; sourceTree = "<group>"; };
		65A4B34924325886006B459D /* NewsViewController.swift */ = {isa = PBXFileReference; lastKnownFileType = sourcecode.swift; path = NewsViewController.swift; sourceTree = "<group>"; };
		65A4B34E2432588A006B459D /* Assets.xcassets */ = {isa = PBXFileReference; lastKnownFileType = folder.assetcatalog; path = Assets.xcassets; sourceTree = "<group>"; };
		65A4B3512432588A006B459D /* Base */ = {isa = PBXFileReference; lastKnownFileType = file.storyboard; name = Base; path = Base.lproj/LaunchScreen.storyboard; sourceTree = "<group>"; };
		65A4B3532432588A006B459D /* Info.plist */ = {isa = PBXFileReference; lastKnownFileType = text.plist.xml; path = Info.plist; sourceTree = "<group>"; };
		65E5C0D624394259002707A9 /* NewsCell.swift */ = {isa = PBXFileReference; lastKnownFileType = sourcecode.swift; path = NewsCell.swift; sourceTree = "<group>"; };
		65E5C0D824394502002707A9 /* Extension.swift */ = {isa = PBXFileReference; lastKnownFileType = sourcecode.swift; path = Extension.swift; sourceTree = "<group>"; };
		65E5C0DC24394ABF002707A9 /* Constant.swift */ = {isa = PBXFileReference; lastKnownFileType = sourcecode.swift; path = Constant.swift; sourceTree = "<group>"; };
/* End PBXFileReference section */

/* Begin PBXFrameworksBuildPhase section */
		65A4B33F24325886006B459D /* Frameworks */ = {
			isa = PBXFrameworksBuildPhase;
			buildActionMask = 2147483647;
			files = (
			);
			runOnlyForDeploymentPostprocessing = 0;
		};
/* End PBXFrameworksBuildPhase section */

/* Begin PBXGroup section */
		65A4B33924325886006B459D = {
			isa = PBXGroup;
			children = (
				65A4B34424325886006B459D /* covid19 */,
				65A4B34324325886006B459D /* Products */,
			);
			sourceTree = "<group>";
		};
		65A4B34324325886006B459D /* Products */ = {
			isa = PBXGroup;
			children = (
				65A4B34224325886006B459D /* covid19.app */,
			);
			name = Products;
			sourceTree = "<group>";
		};
		65A4B34424325886006B459D /* covid19 */ = {
			isa = PBXGroup;
			children = (
				65A4B3532432588A006B459D /* Info.plist */,
				65A4B34524325886006B459D /* AppDelegate.swift */,
				65E5C0DC24394ABF002707A9 /* Constant.swift */,
				659F7396243BC6EE006E2CDD /* DataModel.swift */,
				6532CFBA243AA25E00030B78 /* DataViewController.swift */,
				65E5C0D824394502002707A9 /* Extension.swift */,
				65E5C0D624394259002707A9 /* NewsCell.swift */,
				659F7394243BC6DB006E2CDD /* NewsModel.swift */,
				65A4B34924325886006B459D /* NewsViewController.swift */,
				65A4B34724325886006B459D /* SceneDelegate.swift */,
				6518288A2432B7240003BD36 /* TweetsViewController.swift */,
				659F739C243CFA4D006E2CDD /* WebViewController.swift */,
				65A4B34E2432588A006B459D /* Assets.xcassets */,
				65A4B3502432588A006B459D /* LaunchScreen.storyboard */,
			);
			path = covid19;
			sourceTree = "<group>";
		};
/* End PBXGroup section */

/* Begin PBXNativeTarget section */
		65A4B34124325886006B459D /* covid19 */ = {
			isa = PBXNativeTarget;
			buildConfigurationList = 65A4B3562432588A006B459D /* Build configuration list for PBXNativeTarget "covid19" */;
			buildPhases = (
				65A4B33E24325886006B459D /* Sources */,
				65A4B33F24325886006B459D /* Frameworks */,
				65A4B34024325886006B459D /* Resources */,
			);
			buildRules = (
			);
			dependencies = (
			);
			name = covid19;
			productName = covid19;
			productReference = 65A4B34224325886006B459D /* covid19.app */;
			productType = "com.apple.product-type.application";
		};
/* End PBXNativeTarget section */

/* Begin PBXProject section */
		65A4B33A24325886006B459D /* Project object */ = {
			isa = PBXProject;
			attributes = {
				LastSwiftUpdateCheck = 1130;
				LastUpgradeCheck = 1130;
				ORGANIZATIONNAME = dk;
				TargetAttributes = {
					65A4B34124325886006B459D = {
						CreatedOnToolsVersion = 11.3.1;
					};
				};
			};
			buildConfigurationList = 65A4B33D24325886006B459D /* Build configuration list for PBXProject "covid19" */;
			compatibilityVersion = "Xcode 9.3";
			developmentRegion = en;
			hasScannedForEncodings = 0;
			knownRegions = (
				en,
				Base,
			);
			mainGroup = 65A4B33924325886006B459D;
			productRefGroup = 65A4B34324325886006B459D /* Products */;
			projectDirPath = "";
			projectRoot = "";
			targets = (
				65A4B34124325886006B459D /* covid19 */,
			);
		};
/* End PBXProject section */

/* Begin PBXResourcesBuildPhase section */
		65A4B34024325886006B459D /* Resources */ = {
			isa = PBXResourcesBuildPhase;
			buildActionMask = 2147483647;
			files = (
				65A4B3522432588A006B459D /* LaunchScreen.storyboard in Resources */,
				65A4B34F2432588A006B459D /* Assets.xcassets in Resources */,
			);
			runOnlyForDeploymentPostprocessing = 0;
		};
/* End PBXResourcesBuildPhase section */

/* Begin PBXSourcesBuildPhase section */
		65A4B33E24325886006B459D /* Sources */ = {
			isa = PBXSourcesBuildPhase;
			buildActionMask = 2147483647;
			files = (
				65A4B34A24325886006B459D /* NewsViewController.swift in Sources */,
				659F739D243CFA4D006E2CDD /* WebViewController.swift in Sources */,
				6532CFBB243AA25E00030B78 /* DataViewController.swift in Sources */,
				6518288B2432B7240003BD36 /* TweetsViewController.swift in Sources */,
				659F7395243BC6DC006E2CDD /* NewsModel.swift in Sources */,
				65E5C0D724394259002707A9 /* NewsCell.swift in Sources */,
				659F7397243BC6EE006E2CDD /* DataModel.swift in Sources */,
				65A4B34624325886006B459D /* AppDelegate.swift in Sources */,
				65A4B34824325886006B459D /* SceneDelegate.swift in Sources */,
				65E5C0DD24394ABF002707A9 /* Constant.swift in Sources */,
				65E5C0D924394502002707A9 /* Extension.swift in Sources */,
			);
			runOnlyForDeploymentPostprocessing = 0;
		};
/* End PBXSourcesBuildPhase section */

/* Begin PBXVariantGroup section */
		65A4B3502432588A006B459D /* LaunchScreen.storyboard */ = {
			isa = PBXVariantGroup;
			children = (
				65A4B3512432588A006B459D /* Base */,
			);
			name = LaunchScreen.storyboard;
			sourceTree = "<group>";
		};
/* End PBXVariantGroup section */

/* Begin XCBuildConfiguration section */
		65A4B3542432588A006B459D /* Debug */ = {
			isa = XCBuildConfiguration;
			buildSettings = {
				ALWAYS_SEARCH_USER_PATHS = NO;
				CLANG_ANALYZER_NONNULL = YES;
				CLANG_ANALYZER_NUMBER_OBJECT_CONVERSION = YES_AGGRESSIVE;
				CLANG_CXX_LANGUAGE_STANDARD = "gnu++14";
				CLANG_CXX_LIBRARY = "libc++";
				CLANG_ENABLE_MODULES = YES;
				CLANG_ENABLE_OBJC_ARC = YES;
				CLANG_ENABLE_OBJC_WEAK = YES;
				CLANG_WARN_BLOCK_CAPTURE_AUTORELEASING = YES;
				CLANG_WARN_BOOL_CONVERSION = YES;
				CLANG_WARN_COMMA = YES;
				CLANG_WARN_CONSTANT_CONVERSION = YES;
				CLANG_WARN_DEPRECATED_OBJC_IMPLEMENTATIONS = YES;
				CLANG_WARN_DIRECT_OBJC_ISA_USAGE = YES_ERROR;
				CLANG_WARN_DOCUMENTATION_COMMENTS = YES;
				CLANG_WARN_EMPTY_BODY = YES;
				CLANG_WARN_ENUM_CONVERSION = YES;
				CLANG_WARN_INFINITE_RECURSION = YES;
				CLANG_WARN_INT_CONVERSION = YES;
				CLANG_WARN_NON_LITERAL_NULL_CONVERSION = YES;
				CLANG_WARN_OBJC_IMPLICIT_RETAIN_SELF = YES;
				CLANG_WARN_OBJC_LITERAL_CONVERSION = YES;
				CLANG_WARN_OBJC_ROOT_CLASS = YES_ERROR;
				CLANG_WARN_RANGE_LOOP_ANALYSIS = YES;
				CLANG_WARN_STRICT_PROTOTYPES = YES;
				CLANG_WARN_SUSPICIOUS_MOVE = YES;
				CLANG_WARN_UNGUARDED_AVAILABILITY = YES_AGGRESSIVE;
				CLANG_WARN_UNREACHABLE_CODE = YES;
				CLANG_WARN__DUPLICATE_METHOD_MATCH = YES;
				COPY_PHASE_STRIP = NO;
				DEBUG_INFORMATION_FORMAT = dwarf;
				ENABLE_STRICT_OBJC_MSGSEND = YES;
				ENABLE_TESTABILITY = YES;
				GCC_C_LANGUAGE_STANDARD = gnu11;
				GCC_DYNAMIC_NO_PIC = NO;
				GCC_NO_COMMON_BLOCKS = YES;
				GCC_OPTIMIZATION_LEVEL = 0;
				GCC_PREPROCESSOR_DEFINITIONS = (
					"DEBUG=1",
					"$(inherited)",
				);
				GCC_WARN_64_TO_32_BIT_CONVERSION = YES;
				GCC_WARN_ABOUT_RETURN_TYPE = YES_ERROR;
				GCC_WARN_UNDECLARED_SELECTOR = YES;
				GCC_WARN_UNINITIALIZED_AUTOS = YES_AGGRESSIVE;
				GCC_WARN_UNUSED_FUNCTION = YES;
				GCC_WARN_UNUSED_VARIABLE = YES;
				IPHONEOS_DEPLOYMENT_TARGET = 13.2;
				MTL_ENABLE_DEBUG_INFO = INCLUDE_SOURCE;
				MTL_FAST_MATH = YES;
				ONLY_ACTIVE_ARCH = YES;
				SDKROOT = iphoneos;
				SWIFT_ACTIVE_COMPILATION_CONDITIONS = DEBUG;
				SWIFT_OPTIMIZATION_LEVEL = "-Onone";
			};
			name = Debug;
		};
		65A4B3552432588A006B459D /* Release */ = {
			isa = XCBuildConfiguration;
			buildSettings = {
				ALWAYS_SEARCH_USER_PATHS = NO;
				CLANG_ANALYZER_NONNULL = YES;
				CLANG_ANALYZER_NUMBER_OBJECT_CONVERSION = YES_AGGRESSIVE;
				CLANG_CXX_LANGUAGE_STANDARD = "gnu++14";
				CLANG_CXX_LIBRARY = "libc++";
				CLANG_ENABLE_MODULES = YES;
				CLANG_ENABLE_OBJC_ARC = YES;
				CLANG_ENABLE_OBJC_WEAK = YES;
				CLANG_WARN_BLOCK_CAPTURE_AUTORELEASING = YES;
				CLANG_WARN_BOOL_CONVERSION = YES;
				CLANG_WARN_COMMA = YES;
				CLANG_WARN_CONSTANT_CONVERSION = YES;
				CLANG_WARN_DEPRECATED_OBJC_IMPLEMENTATIONS = YES;
				CLANG_WARN_DIRECT_OBJC_ISA_USAGE = YES_ERROR;
				CLANG_WARN_DOCUMENTATION_COMMENTS = YES;
				CLANG_WARN_EMPTY_BODY = YES;
				CLANG_WARN_ENUM_CONVERSION = YES;
				CLANG_WARN_INFINITE_RECURSION = YES;
				CLANG_WARN_INT_CONVERSION = YES;
				CLANG_WARN_NON_LITERAL_NULL_CONVERSION = YES;
				CLANG_WARN_OBJC_IMPLICIT_RETAIN_SELF = YES;
				CLANG_WARN_OBJC_LITERAL_CONVERSION = YES;
				CLANG_WARN_OBJC_ROOT_CLASS = YES_ERROR;
				CLANG_WARN_RANGE_LOOP_ANALYSIS = YES;
				CLANG_WARN_STRICT_PROTOTYPES = YES;
				CLANG_WARN_SUSPICIOUS_MOVE = YES;
				CLANG_WARN_UNGUARDED_AVAILABILITY = YES_AGGRESSIVE;
				CLANG_WARN_UNREACHABLE_CODE = YES;
				CLANG_WARN__DUPLICATE_METHOD_MATCH = YES;
				COPY_PHASE_STRIP = NO;
				DEBUG_INFORMATION_FORMAT = "dwarf-with-dsym";
				ENABLE_NS_ASSERTIONS = NO;
				ENABLE_STRICT_OBJC_MSGSEND = YES;
				GCC_C_LANGUAGE_STANDARD = gnu11;
				GCC_NO_COMMON_BLOCKS = YES;
				GCC_WARN_64_TO_32_BIT_CONVERSION = YES;
				GCC_WARN_ABOUT_RETURN_TYPE = YES_ERROR;
				GCC_WARN_UNDECLARED_SELECTOR = YES;
				GCC_WARN_UNINITIALIZED_AUTOS = YES_AGGRESSIVE;
				GCC_WARN_UNUSED_FUNCTION = YES;
				GCC_WARN_UNUSED_VARIABLE = YES;
				IPHONEOS_DEPLOYMENT_TARGET = 13.2;
				MTL_ENABLE_DEBUG_INFO = NO;
				MTL_FAST_MATH = YES;
				SDKROOT = iphoneos;
				SWIFT_COMPILATION_MODE = wholemodule;
				SWIFT_OPTIMIZATION_LEVEL = "-O";
				VALIDATE_PRODUCT = YES;
			};
			name = Release;
		};
		65A4B3572432588A006B459D /* Debug */ = {
			isa = XCBuildConfiguration;
			buildSettings = {
				ASSETCATALOG_COMPILER_APPICON_NAME = AppIcon;
				CODE_SIGN_STYLE = Automatic;
				INFOPLIST_FILE = covid19/Info.plist;
				LD_RUNPATH_SEARCH_PATHS = (
					"$(inherited)",
					"@executable_path/Frameworks",
				);
				PRODUCT_BUNDLE_IDENTIFIER = dk.covid19;
				PRODUCT_NAME = "$(TARGET_NAME)";
				SWIFT_VERSION = 5.0;
				TARGETED_DEVICE_FAMILY = 1;
			};
			name = Debug;
		};
		65A4B3582432588A006B459D /* Release */ = {
			isa = XCBuildConfiguration;
			buildSettings = {
				ASSETCATALOG_COMPILER_APPICON_NAME = AppIcon;
				CODE_SIGN_STYLE = Automatic;
				INFOPLIST_FILE = covid19/Info.plist;
				LD_RUNPATH_SEARCH_PATHS = (
					"$(inherited)",
					"@executable_path/Frameworks",
				);
				PRODUCT_BUNDLE_IDENTIFIER = dk.covid19;
				PRODUCT_NAME = "$(TARGET_NAME)";
				SWIFT_VERSION = 5.0;
				TARGETED_DEVICE_FAMILY = 1;
			};
			name = Release;
		};
/* End XCBuildConfiguration section */

/* Begin XCConfigurationList section */
		65A4B33D24325886006B459D /* Build configuration list for PBXProject "covid19" */ = {
			isa = XCConfigurationList;
			buildConfigurations = (
				65A4B3542432588A006B459D /* Debug */,
				65A4B3552432588A006B459D /* Release */,
			);
			defaultConfigurationIsVisible = 0;
			defaultConfigurationName = Release;
		};
		65A4B3562432588A006B459D /* Build configuration list for PBXNativeTarget "covid19" */ = {
			isa = XCConfigurationList;
			buildConfigurations = (
				65A4B3572432588A006B459D /* Debug */,
				65A4B3582432588A006B459D /* Release */,
			);
			defaultConfigurationIsVisible = 0;
			defaultConfigurationName = Release;
		};
/* End XCConfigurationList section */
	};
	rootObject = 65A4B33A24325886006B459D /* Project object */;
}
